
Microsoft Visual Studio Solution File, Format Version 12.00
# Visual Studio 2013
VisualStudioVersion = 12.0.21005.1
MinimumVisualStudioVersion = 10.0.40219.1
Project("{FAE04EC0-301F-11D3-BF4B-00C04F79EFBC}") = "XBase.XSocket.Client", "XBase.XSocket.Client\XBase.XSocket.Client.csproj", "{FC0FC703-E638-4D91-AFFE-BEF053614B31}"
	ProjectSection(ProjectDependencies) = postProject
		{C2FE86A7-FCD5-4D4A-803A-FBEEBAD1586D} = {C2FE86A7-FCD5-4D4A-803A-FBEEBAD1586D}
	EndProjectSection
EndProject
Project("{FAE04EC0-301F-11D3-BF4B-00C04F79EFBC}") = "XBase.XSocket.Server", "XBase.XSocket.Server\XBase.XSocket.Server.csproj", "{5BFED181-58EB-4B90-8DF6-186939A8A7CF}"
	ProjectSection(ProjectDependencies) = postProject
		{C2FE86A7-FCD5-4D4A-803A-FBEEBAD1586D} = {C2FE86A7-FCD5-4D4A-803A-FBEEBAD1586D}
	EndProjectSection
EndProject
Project("{FAE04EC0-301F-11D3-BF4B-00C04F79EFBC}") = "XBase.XSocket", "XBase.XSocket\XBase.XSocket.csproj", "{C2FE86A7-FCD5-4D4A-803A-FBEEBAD1586D}"
EndProject
Global
	GlobalSection(SolutionConfigurationPlatforms) = preSolution
		Debug|Any CPU = Debug|Any CPU
		Release|Any CPU = Release|Any CPU
	EndGlobalSection
	GlobalSection(ProjectConfigurationPlatforms) = postSolution
		{FC0FC703-E638-4D91-AFFE-BEF053614B31}.Debug|Any CPU.ActiveCfg = Debug|Any CPU
		{FC0FC703-E638-4D91-AFFE-BEF053614B31}.Debug|Any CPU.Build.0 = Debug|Any CPU
		{FC0FC703-E638-4D91-AFFE-BEF053614B31}.Release|Any CPU.ActiveCfg = Release|Any CPU
		{FC0FC703-E638-4D91-AFFE-BEF053614B31}.Release|Any CPU.Build.0 = Release|Any CPU
		{5BFED181-58EB-4B90-8DF6-186939A8A7CF}.Debug|Any CPU.ActiveCfg = Debug|Any CPU
		{5BFED181-58EB-4B90-8DF6-186939A8A7CF}.Debug|Any CPU.Build.0 = Debug|Any CPU
		{5BFED181-58EB-4B90-8DF6-186939A8A7CF}.Release|Any CPU.ActiveCfg = Release|Any CPU
		{5BFED181-58EB-4B90-8DF6-186939A8A7CF}.Release|Any CPU.Build.0 = Release|Any CPU
		{C2FE86A7-FCD5-4D4A-803A-FBEEBAD1586D}.Debug|Any CPU.ActiveCfg = Debug|Any CPU
		{C2FE86A7-FCD5-4D4A-803A-FBEEBAD1586D}.Debug|Any CPU.Build.0 = Debug|Any CPU
		{C2FE86A7-FCD5-4D4A-803A-FBEEBAD1586D}.Release|Any CPU.ActiveCfg = Release|Any CPU
		{C2FE86A7-FCD5-4D4A-803A-FBEEBAD1586D}.Release|Any CPU.Build.0 = Release|Any CPU
	EndGlobalSection
	GlobalSection(SolutionProperties) = preSolution
		HideSolutionNode = FALSE
	EndGlobalSection
EndGlobal
